{
  "object": {
    "pins": [
      {
        "package": "QuranAudioPlayerKit",
        "repositoryURL": "https://github.com/Quran-Audio/QuranAudioPlayerKit",
        "state": {
          "branch": null,
          "revision": "6626f215a32e056357f01a28728a30355189b2c5",
          "version": "1.0.2"
        }
      }
    ]
  },
  "version": 1
}
