{
  "object": {
    "pins": [
      {
        "package": "QuranAudioPlayerKit",
        "repositoryURL": "https://github.com/Quran-Audio/QuranAudioPlayerKit",
        "state": {
          "branch": null,
          "revision": "f1ecd1595304d0d7b61a04eaae97a08f9734fae0",
          "version": "1.0.1"
        }
      }
    ]
  },
  "version": 1
}
